
Microsoft Visual Studio Solution File, Format Version 12.00
# Visual Studio Version 17
VisualStudioVersion = 17.7.34003.232
MinimumVisualStudioVersion = 10.0.40219.1
Project("{9A19103F-16F7-4668-BE54-9A1E7A4F7556}") = "Bai1", "DuongLeMinhQuang\Bai1.csproj", "{F31E2816-711A-4499-AC95-5006709522D2}"
EndProject
Project("{9A19103F-16F7-4668-BE54-9A1E7A4F7556}") = "Bai2", "Bai2\Bai2.csproj", "{71AF7052-D2D7-4A3B-B98D-6123F1D2A74A}"
EndProject
Project("{9A19103F-16F7-4668-BE54-9A1E7A4F7556}") = "Bai3", "Bai3\Bai3.csproj", "{8073B89C-78FF-414E-B747-9524BBFDFC64}"
EndProject
Global
	GlobalSection(SolutionConfigurationPlatforms) = preSolution
		Debug|Any CPU = Debug|Any CPU
		Release|Any CPU = Release|Any CPU
	EndGlobalSection
	GlobalSection(ProjectConfigurationPlatforms) = postSolution
		{F31E2816-711A-4499-AC95-5006709522D2}.Debug|Any CPU.ActiveCfg = Debug|Any CPU
		{F31E2816-711A-4499-AC95-5006709522D2}.Debug|Any CPU.Build.0 = Debug|Any CPU
		{F31E2816-711A-4499-AC95-5006709522D2}.Release|Any CPU.ActiveCfg = Release|Any CPU
		{F31E2816-711A-4499-AC95-5006709522D2}.Release|Any CPU.Build.0 = Release|Any CPU
		{71AF7052-D2D7-4A3B-B98D-6123F1D2A74A}.Debug|Any CPU.ActiveCfg = Debug|Any CPU
		{71AF7052-D2D7-4A3B-B98D-6123F1D2A74A}.Debug|Any CPU.Build.0 = Debug|Any CPU
		{71AF7052-D2D7-4A3B-B98D-6123F1D2A74A}.Release|Any CPU.ActiveCfg = Release|Any CPU
		{71AF7052-D2D7-4A3B-B98D-6123F1D2A74A}.Release|Any CPU.Build.0 = Release|Any CPU
		{8073B89C-78FF-414E-B747-9524BBFDFC64}.Debug|Any CPU.ActiveCfg = Debug|Any CPU
		{8073B89C-78FF-414E-B747-9524BBFDFC64}.Debug|Any CPU.Build.0 = Debug|Any CPU
		{8073B89C-78FF-414E-B747-9524BBFDFC64}.Release|Any CPU.ActiveCfg = Release|Any CPU
		{8073B89C-78FF-414E-B747-9524BBFDFC64}.Release|Any CPU.Build.0 = Release|Any CPU
	EndGlobalSection
	GlobalSection(SolutionProperties) = preSolution
		HideSolutionNode = FALSE
	EndGlobalSection
	GlobalSection(ExtensibilityGlobals) = postSolution
		SolutionGuid = {E1F64806-84B7-42CB-8E71-818E9DE4989B}
	EndGlobalSection
EndGlobal
